Microsoft Visual Studio Solution File, Format Version 12.00
# Visual Studio Version 17
VisualStudioVersion = 17.0.31611.283
MinimumVisualStudioVersion = 10.0.40219.1
Project("{9A19103F-16F7-4668-BE54-9A1E7A4F7556}") = "BlazorMaui", "BlazorMaui\BlazorMaui.csproj", "{6F508315-99C2-4697-969F-FEC701117CA1}"
EndProject
Project("{9A19103F-16F7-4668-BE54-9A1E7A4F7556}") = "RazorLibrary", "RazorLibrary\RazorLibrary.csproj", "{42E66A7C-8575-4824-8425-5CD9CB96640B}"
EndProject
Project("{FAE04EC0-301F-11D3-BF4B-00C04F79EFBC}") = "BlazorServer", "BlazorServer\BlazorServer.csproj", "{F606BC5E-28CB-42C1-9D6F-C7CF50B7F26A}"
EndProject
Global
	GlobalSection(SolutionConfigurationPlatforms) = preSolution
		Debug|Any CPU = Debug|Any CPU
		Release|Any CPU = Release|Any CPU
	EndGlobalSection
	GlobalSection(ProjectConfigurationPlatforms) = postSolution
		{6F508315-99C2-4697-969F-FEC701117CA1}.Debug|Any CPU.ActiveCfg = Debug|Any CPU
		{6F508315-99C2-4697-969F-FEC701117CA1}.Debug|Any CPU.Build.0 = Debug|Any CPU
		{6F508315-99C2-4697-969F-FEC701117CA1}.Debug|Any CPU.Deploy.0 = Debug|Any CPU
		{6F508315-99C2-4697-969F-FEC701117CA1}.Release|Any CPU.ActiveCfg = Release|Any CPU
		{6F508315-99C2-4697-969F-FEC701117CA1}.Release|Any CPU.Build.0 = Release|Any CPU
		{6F508315-99C2-4697-969F-FEC701117CA1}.Release|Any CPU.Deploy.0 = Release|Any CPU
		{42E66A7C-8575-4824-8425-5CD9CB96640B}.Debug|Any CPU.ActiveCfg = Debug|Any CPU
		{42E66A7C-8575-4824-8425-5CD9CB96640B}.Debug|Any CPU.Build.0 = Debug|Any CPU
		{42E66A7C-8575-4824-8425-5CD9CB96640B}.Release|Any CPU.ActiveCfg = Release|Any CPU
		{42E66A7C-8575-4824-8425-5CD9CB96640B}.Release|Any CPU.Build.0 = Release|Any CPU
		{F606BC5E-28CB-42C1-9D6F-C7CF50B7F26A}.Debug|Any CPU.ActiveCfg = Debug|Any CPU
		{F606BC5E-28CB-42C1-9D6F-C7CF50B7F26A}.Debug|Any CPU.Build.0 = Debug|Any CPU
		{F606BC5E-28CB-42C1-9D6F-C7CF50B7F26A}.Release|Any CPU.ActiveCfg = Release|Any CPU
		{F606BC5E-28CB-42C1-9D6F-C7CF50B7F26A}.Release|Any CPU.Build.0 = Release|Any CPU
	EndGlobalSection
	GlobalSection(SolutionProperties) = preSolution
		HideSolutionNode = FALSE
	EndGlobalSection
	GlobalSection(ExtensibilityGlobals) = postSolution
		SolutionGuid = {61F7FB11-1E47-470C-91E2-47F8143E1572}
	EndGlobalSection
EndGlobal
